github.com/ajg/form v1.5.1 h1:t9c7v8JUKu/XxOGBU0yjNpaMloxGEJhUkqFRq0ibGeU=
github.com/ajg/form v1.5.1/go.mod h1:uL1WgH+h2mgNtvBq0339dVnzXdBETtL2LeUXaIv25UY=
github.com/davecgh/go-spew v1.1.0/go.mod h1:J7Y8YcW2NihsgmVo/mv3lAwl/skON4iLHjSsI+c5H38=
github.com/dchest/siphash v1.2.2 h1:9DFz8tQwl9pTVt5iok/9zKyzA1Q6bRGiF3HPiEEVr9I=
github.com/dchest/siphash v1.2.2/go.mod h1:q+IRvb2gOSrUnYoPqHiyHXS0FOBBOdl6tONBlVnOnt4=
github.com/dustinxie/lockfree v0.0.0-20210712051436-ed0ed42fd0d6 h1:OCG9DHxQwv2sABVGARZaUh4OK8dVaR3kzTIHV0vW4gg=
github.com/dustinxie/lockfree v0.0.0-20210712051436-ed0ed42fd0d6/go.mod h1:m7oIj8lFrQgKxP9h9m6GxjzGbTuMD5/5yXF8+pTpJms=
github.com/go-chi/chi/v5 v5.0.12 h1:9euLV5sTrTNTRUU9POmDUvfxyj6LAABLUcEWO+JJb4s=
github.com/go-chi/chi/v5 v5.0.12/go.mod h1:DslCQbL2OYiznFReuXYUmQ2hGd1aDpCnlMNITLSKoi8=
github.com/go-chi/render v1.0.3 h1:AsXqd2a1/INaIfUSKq3G5uA8weYx20FOsM7uSoCyyt4=
github.com/go-chi/render v1.0.3/go.mod h1:/gr3hVkmYR0YlEy3LxCuVRFzEu9Ruok+gFqbIofjao0=
github.com/pmezard/go-difflib v1.0.0/go.mod h1:iKH77koFhYxTK1pcRnkKkqfTogsbg7gZNVY4sRDYZ/4=
github.com/stretchr/objx v0.1.0/go.mod h1:HFkY916IF+rwdDfMAkV7OtwuqBVzrE8GR6GFx+wExME=
github.com/stretchr/testify v1.6.1/go.mod h1:6Fq8oRcR53rry900zMqJjRRixrwX3KX962/h/Wwjteg=
gopkg.in/check.v1 v0.0.0-20161208181325-20d25e280405/go.mod h1:Co6ibVJAznAaIkqp8huTwlJQCZ016jof/cbN4VW5Yz0=
gopkg.in/yaml.v3 v3.0.0-20200313102051-9f266ea9e77c/go.mod h1:K4uyk7z7BCEPqu6E+C64Yfv1cQ7kz7rIZviUmN+EgEM=
